Microsoft Visual Studio Solution File, Format Version 12.00
# Visual Studio 2012
Project("{FAE04EC0-301F-11D3-BF4B-00C04F79EFBC}") = "TekaGame", "TekaGame.csproj", "{2C231A9A-1E08-45BB-A6A7-F80441D8E163}"
EndProject
Global
	GlobalSection(SolutionConfigurationPlatforms) = preSolution
	Debug|Any CPU = Debug|Any CPU
	ExportDebug|Any CPU = ExportDebug|Any CPU
	ExportRelease|Any CPU = ExportRelease|Any CPU
	EndGlobalSection
	GlobalSection(ProjectConfigurationPlatforms) = postSolution
		{2C231A9A-1E08-45BB-A6A7-F80441D8E163}.Debug|Any CPU.ActiveCfg = Debug|Any CPU
		{2C231A9A-1E08-45BB-A6A7-F80441D8E163}.Debug|Any CPU.Build.0 = Debug|Any CPU
		{2C231A9A-1E08-45BB-A6A7-F80441D8E163}.ExportDebug|Any CPU.ActiveCfg = ExportDebug|Any CPU
		{2C231A9A-1E08-45BB-A6A7-F80441D8E163}.ExportDebug|Any CPU.Build.0 = ExportDebug|Any CPU
		{2C231A9A-1E08-45BB-A6A7-F80441D8E163}.ExportRelease|Any CPU.ActiveCfg = ExportRelease|Any CPU
		{2C231A9A-1E08-45BB-A6A7-F80441D8E163}.ExportRelease|Any CPU.Build.0 = ExportRelease|Any CPU
	EndGlobalSection
EndGlobal
